PODS:
  - Alamofire (4.4.0)
  - GoogleMaps (2.2.0):
    - GoogleMaps/Maps (= 2.2.0)
  - GoogleMaps/Base (2.2.0)
  - GoogleMaps/Maps (2.2.0):
    - GoogleMaps/Base

DEPENDENCIES:
  - Alamofire (~> 4.4)
  - GoogleMaps

SPEC CHECKSUMS:
  Alamofire: dc44b1600b800eb63da6a19039a0083d62a6a62d
  GoogleMaps: 104c418d61ab8a05dff06ed0784c25ea9d37da45

PODFILE CHECKSUM: 8a5ea02159ae24bc5dd45f5cf077f4549f8742fe

COCOAPODS: 1.1.1
